# THIS IS AN AUTOGENERATED FILE. DO NOT EDIT THIS FILE DIRECTLY.
# yarn lockfile v1


"@babel/runtime@^7.0.0-beta.42":
  version "7.0.0-beta.51"
  resolved "https://registry.yarnpkg.com/@babel/runtime/-/runtime-7.0.0-beta.51.tgz#48b8ed18307034c6620f643514650ca2ccc0165a"
  dependencies:
    core-js "^2.5.7"
    regenerator-runtime "^0.11.1"

ajax-request@^1.2.0:
  version "1.2.3"
  resolved "https://registry.yarnpkg.com/ajax-request/-/ajax-request-1.2.3.tgz#99fcbec1d6d2792f85fa949535332bd14f5f3790"
  dependencies:
    file-system "^2.1.1"
    utils-extend "^1.0.7"

amdefine@>=0.0.4:
  version "1.0.1"
  resolved "https://registry.yarnpkg.com/amdefine/-/amdefine-1.0.1.tgz#4a5282ac164729e93619bcfd3ad151f817ce91f5"

asn1.js@^4.0.0:
  version "4.10.1"
  resolved "https://registry.yarnpkg.com/asn1.js/-/asn1.js-4.10.1.tgz#b9c2bf5805f1e64aadeed6df3a2bfafb5a73f5a0"
  dependencies:
    bn.js "^4.0.0"
    inherits "^2.0.1"
    minimalistic-assert "^1.0.0"

assert@^1.4.1:
  version "1.4.1"
  resolved "https://registry.yarnpkg.com/assert/-/assert-1.4.1.tgz#99912d591836b5a6f5b345c0f07eefc08fc65d91"
  dependencies:
    util "0.10.3"

babel-runtime@^6.26.0:
  version "6.26.0"
  resolved "https://registry.yarnpkg.com/babel-runtime/-/babel-runtime-6.26.0.tgz#965c7058668e82b55d7bfe04ff2337bc8b5647fe"
  dependencies:
    core-js "^2.4.0"
    regenerator-runtime "^0.11.0"

balanced-match@^1.0.0:
  version "1.0.0"
  resolved "https://registry.yarnpkg.com/balanced-match/-/balanced-match-1.0.0.tgz#89b4d199ab2bee49de164ea02b89ce462d71b767"

base64-img@^1.0.4:
  version "1.0.4"
  resolved "https://registry.yarnpkg.com/base64-img/-/base64-img-1.0.4.tgz#3e22d55d6c74a24553d840d2b1bc12a7db078d35"
  dependencies:
    ajax-request "^1.2.0"
    file-system "^2.1.0"

base64-js@^1.0.2:
  version "1.3.0"
  resolved "https://registry.yarnpkg.com/base64-js/-/base64-js-1.3.0.tgz#cab1e6118f051095e58b5281aea8c1cd22bfc0e3"

bindings@^1.2.1:
  version "1.3.0"
  resolved "https://registry.yarnpkg.com/bindings/-/bindings-1.3.0.tgz#b346f6ecf6a95f5a815c5839fc7cdb22502f1ed7"

bn.js@^4.0.0, bn.js@^4.1.0, bn.js@^4.1.1, bn.js@^4.4.0:
  version "4.11.8"
  resolved "https://registry.yarnpkg.com/bn.js/-/bn.js-4.11.8.tgz#2cde09eb5ee341f484746bb0309b3253b1b1442f"

brace-expansion@^1.0.0:
  version "1.1.11"
  resolved "https://registry.yarnpkg.com/brace-expansion/-/brace-expansion-1.1.11.tgz#3c7fcbf529d87226f3d2f52b966ff5271eb441dd"
  dependencies:
    balanced-match "^1.0.0"
    concat-map "0.0.1"

brorand@^1.0.1:
  version "1.1.0"
  resolved "https://registry.yarnpkg.com/brorand/-/brorand-1.1.0.tgz#12c25efe40a45e3c323eb8675a0a0ce57b22371f"

browserify-aes@^1.0.0, browserify-aes@^1.0.4:
  version "1.2.0"
  resolved "https://registry.yarnpkg.com/browserify-aes/-/browserify-aes-1.2.0.tgz#326734642f403dabc3003209853bb70ad428ef48"
  dependencies:
    buffer-xor "^1.0.3"
    cipher-base "^1.0.0"
    create-hash "^1.1.0"
    evp_bytestokey "^1.0.3"
    inherits "^2.0.1"
    safe-buffer "^5.0.1"

browserify-cipher@^1.0.0:
  version "1.0.1"
  resolved "https://registry.yarnpkg.com/browserify-cipher/-/browserify-cipher-1.0.1.tgz#8d6474c1b870bfdabcd3bcfcc1934a10e94f15f0"
  dependencies:
    browserify-aes "^1.0.4"
    browserify-des "^1.0.0"
    evp_bytestokey "^1.0.0"

browserify-des@^1.0.0:
  version "1.0.1"
  resolved "https://registry.yarnpkg.com/browserify-des/-/browserify-des-1.0.1.tgz#3343124db6d7ad53e26a8826318712bdc8450f9c"
  dependencies:
    cipher-base "^1.0.1"
    des.js "^1.0.0"
    inherits "^2.0.1"

browserify-rsa@^4.0.0:
  version "4.0.1"
  resolved "https://registry.yarnpkg.com/browserify-rsa/-/browserify-rsa-4.0.1.tgz#21e0abfaf6f2029cf2fafb133567a701d4135524"
  dependencies:
    bn.js "^4.1.0"
    randombytes "^2.0.1"

browserify-sign@^4.0.0:
  version "4.0.4"
  resolved "https://registry.yarnpkg.com/browserify-sign/-/browserify-sign-4.0.4.tgz#aa4eb68e5d7b658baa6bf6a57e630cbd7a93d298"
  dependencies:
    bn.js "^4.1.1"
    browserify-rsa "^4.0.0"
    create-hash "^1.1.0"
    create-hmac "^1.1.2"
    elliptic "^6.0.0"
    inherits "^2.0.1"
    parse-asn1 "^5.0.0"

browserify-zlib@^0.1.4:
  version "0.1.4"
  resolved "https://registry.yarnpkg.com/browserify-zlib/-/browserify-zlib-0.1.4.tgz#bb35f8a519f600e0fa6b8485241c979d0141fb2d"
  dependencies:
    pako "~0.2.0"

buffer-xor@^1.0.3:
  version "1.0.3"
  resolved "https://registry.yarnpkg.com/buffer-xor/-/buffer-xor-1.0.3.tgz#26e61ed1422fb70dd42e6e36729ed51d855fe8d9"

buffer@^4.9.1:
  version "4.9.1"
  resolved "https://registry.yarnpkg.com/buffer/-/buffer-4.9.1.tgz#6d1bb601b07a4efced97094132093027c95bc298"
  dependencies:
    base64-js "^1.0.2"
    ieee754 "^1.1.4"
    isarray "^1.0.0"

builtin-status-codes@^3.0.0:
  version "3.0.0"
  resolved "https://registry.yarnpkg.com/builtin-status-codes/-/builtin-status-codes-3.0.0.tgz#85982878e21b98e1c66425e03d0174788f569ee8"

cipher-base@^1.0.0, cipher-base@^1.0.1, cipher-base@^1.0.3:
  version "1.0.4"
  resolved "https://registry.yarnpkg.com/cipher-base/-/cipher-base-1.0.4.tgz#8760e4ecc272f4c363532f926d874aae2c1397de"
  dependencies:
    inherits "^2.0.1"
    safe-buffer "^5.0.1"

clone@^2.1.1:
  version "2.1.1"
  resolved "https://registry.yarnpkg.com/clone/-/clone-2.1.1.tgz#d217d1e961118e3ac9a4b8bba3285553bf647cdb"

commander@2.x:
  version "2.15.1"
  resolved "https://registry.yarnpkg.com/commander/-/commander-2.15.1.tgz#df46e867d0fc2aec66a34662b406a9ccafff5b0f"

concat-map@0.0.1:
  version "0.0.1"
  resolved "https://registry.yarnpkg.com/concat-map/-/concat-map-0.0.1.tgz#d8a96bd77fd68df7793a73036a3ba0d5405d477b"

console-browserify@^1.1.0:
  version "1.1.0"
  resolved "https://registry.yarnpkg.com/console-browserify/-/console-browserify-1.1.0.tgz#f0241c45730a9fc6323b206dbf38edc741d0bb10"
  dependencies:
    date-now "^0.1.4"

constants-browserify@^1.0.0:
  version "1.0.0"
  resolved "https://registry.yarnpkg.com/constants-browserify/-/constants-browserify-1.0.0.tgz#c20b96d8c617748aaf1c16021760cd27fcb8cb75"

core-js@^2.4.0, core-js@^2.5.7:
  version "2.5.7"
  resolved "https://registry.yarnpkg.com/core-js/-/core-js-2.5.7.tgz#f972608ff0cead68b841a16a932d0b183791814e"

core-util-is@~1.0.0:
  version "1.0.2"
  resolved "https://registry.yarnpkg.com/core-util-is/-/core-util-is-1.0.2.tgz#b5fd54220aa2bc5ab57aab7140c940754503c1a7"

core.js@^0.4.2:
  version "0.4.2"
  resolved "https://registry.yarnpkg.com/core.js/-/core.js-0.4.2.tgz#b0296ef6ed02b1c15e249e4ce38067526f1c7af1"
  dependencies:
    underscore "*"
    underscore.string "*"

create-ecdh@^4.0.0:
  version "4.0.3"
  resolved "https://registry.yarnpkg.com/create-ecdh/-/create-ecdh-4.0.3.tgz#c9111b6f33045c4697f144787f9254cdc77c45ff"
  dependencies:
    bn.js "^4.1.0"
    elliptic "^6.0.0"

create-hash@^1.1.0, create-hash@^1.1.2:
  version "1.2.0"
  resolved "https://registry.yarnpkg.com/create-hash/-/create-hash-1.2.0.tgz#889078af11a63756bcfb59bd221996be3a9ef196"
  dependencies:
    cipher-base "^1.0.1"
    inherits "^2.0.1"
    md5.js "^1.3.4"
    ripemd160 "^2.0.1"
    sha.js "^2.4.0"

create-hmac@^1.1.0, create-hmac@^1.1.2, create-hmac@^1.1.4:
  version "1.1.7"
  resolved "https://registry.yarnpkg.com/create-hmac/-/create-hmac-1.1.7.tgz#69170c78b3ab957147b2b8b04572e47ead2243ff"
  dependencies:
    cipher-base "^1.0.3"
    create-hash "^1.1.0"
    inherits "^2.0.1"
    ripemd160 "^2.0.0"
    safe-buffer "^5.0.1"
    sha.js "^2.4.8"

crypto-browserify@^3.11.0:
  version "3.12.0"
  resolved "https://registry.yarnpkg.com/crypto-browserify/-/crypto-browserify-3.12.0.tgz#396cf9f3137f03e4b8e532c58f698254e00f80ec"
  dependencies:
    browserify-cipher "^1.0.0"
    browserify-sign "^4.0.0"
    create-ecdh "^4.0.0"
    create-hash "^1.1.0"
    create-hmac "^1.1.0"
    diffie-hellman "^5.0.0"
    inherits "^2.0.1"
    pbkdf2 "^3.0.3"
    public-encrypt "^4.0.0"
    randombytes "^2.0.0"
    randomfill "^1.0.3"

crypto-js@^3.1.9-1:
  version "3.1.9-1"
  resolved "https://registry.yarnpkg.com/crypto-js/-/crypto-js-3.1.9-1.tgz#fda19e761fc077e01ffbfdc6e9fdfc59e8806cd8"

date-now@^0.1.4:
  version "0.1.4"
  resolved "https://registry.yarnpkg.com/date-now/-/date-now-0.1.4.tgz#eaf439fd4d4848ad74e5cc7dbef200672b9e345b"

dateformat@^3.0.3:
  version "3.0.3"
  resolved "https://registry.yarnpkg.com/dateformat/-/dateformat-3.0.3.tgz#a6e37499a4d9a9cf85ef5872044d62901c9889ae"

deep-extend@~0.2.5:
  version "0.2.11"
  resolved "https://registry.yarnpkg.com/deep-extend/-/deep-extend-0.2.11.tgz#7a16ba69729132340506170494bc83f7076fe08f"

des.js@^1.0.0:
  version "1.0.0"
  resolved "https://registry.yarnpkg.com/des.js/-/des.js-1.0.0.tgz#c074d2e2aa6a8a9a07dbd61f9a15c2cd83ec8ecc"
  dependencies:
    inherits "^2.0.1"
    minimalistic-assert "^1.0.0"

diffie-hellman@^5.0.0:
  version "5.0.3"
  resolved "https://registry.yarnpkg.com/diffie-hellman/-/diffie-hellman-5.0.3.tgz#40e8ee98f55a2149607146921c63e1ae5f3d2875"
  dependencies:
    bn.js "^4.1.0"
    miller-rabin "^4.0.0"
    randombytes "^2.0.0"

domain-browser@^1.1.7:
  version "1.2.0"
  resolved "https://registry.yarnpkg.com/domain-browser/-/domain-browser-1.2.0.tgz#3d31f50191a6749dd1375a7f522e823d42e54eda"

elliptic@^6.0.0:
  version "6.4.0"
  resolved "https://registry.yarnpkg.com/elliptic/-/elliptic-6.4.0.tgz#cac9af8762c85836187003c8dfe193e5e2eae5df"
  dependencies:
    bn.js "^4.4.0"
    brorand "^1.0.1"
    hash.js "^1.0.0"
    hmac-drbg "^1.0.0"
    inherits "^2.0.1"
    minimalistic-assert "^1.0.0"
    minimalistic-crypto-utils "^1.0.0"

es6@0.0.7:
  version "0.0.7"
  resolved "https://registry.yarnpkg.com/es6/-/es6-0.0.7.tgz#3b2851afeea60db16cf569d56066daa0f3974676"

events@^1.1.1:
  version "1.1.1"
  resolved "https://registry.yarnpkg.com/events/-/events-1.1.1.tgz#9ebdb7635ad099c70dcc4c2a1f5004288e8bd924"

evp_bytestokey@^1.0.0, evp_bytestokey@^1.0.3:
  version "1.0.3"
  resolved "https://registry.yarnpkg.com/evp_bytestokey/-/evp_bytestokey-1.0.3.tgz#7fcbdb198dc71959432efe13842684e0525acb02"
  dependencies:
    md5.js "^1.3.4"
    safe-buffer "^5.1.1"

extend@^3.0.1:
  version "3.0.1"
  resolved "https://registry.yarnpkg.com/extend/-/extend-3.0.1.tgz#a755ea7bc1adfcc5a31ce7e762dbaadc5e636444"

file-match@^1.0.1:
  version "1.0.2"
  resolved "https://registry.yarnpkg.com/file-match/-/file-match-1.0.2.tgz#c9cad265d2c8adf3a81475b0df475859069faef7"
  dependencies:
    utils-extend "^1.0.6"

file-system@^2.1.0, file-system@^2.1.1:
  version "2.2.2"
  resolved "https://registry.yarnpkg.com/file-system/-/file-system-2.2.2.tgz#7d65833e3a2347dcd956a813c677153ed3edd987"
  dependencies:
    file-match "^1.0.1"
    utils-extend "^1.0.4"

fs@0.0.1-security:
  version "0.0.1-security"
  resolved "https://registry.yarnpkg.com/fs/-/fs-0.0.1-security.tgz#8a7bd37186b6dddf3813f23858b57ecaaf5e41d4"

glob@4.3:
  version "4.3.5"
  resolved "https://registry.yarnpkg.com/glob/-/glob-4.3.5.tgz#80fbb08ca540f238acce5d11d1e9bc41e75173d3"
  dependencies:
    inflight "^1.0.4"
    inherits "2"
    minimatch "^2.0.1"
    once "^1.3.0"

hash-base@^3.0.0:
  version "3.0.4"
  resolved "https://registry.yarnpkg.com/hash-base/-/hash-base-3.0.4.tgz#5fc8686847ecd73499403319a6b0a3f3f6ae4918"
  dependencies:
    inherits "^2.0.1"
    safe-buffer "^5.0.1"

hash.js@^1.0.0, hash.js@^1.0.3:
  version "1.1.4"
  resolved "https://registry.yarnpkg.com/hash.js/-/hash.js-1.1.4.tgz#8b50e1f35d51bd01e5ed9ece4dbe3549ccfa0a3c"
  dependencies:
    inherits "^2.0.3"
    minimalistic-assert "^1.0.0"

hmac-drbg@^1.0.0:
  version "1.0.1"
  resolved "https://registry.yarnpkg.com/hmac-drbg/-/hmac-drbg-1.0.1.tgz#d2745701025a6c775a6c545793ed502fc0c649a1"
  dependencies:
    hash.js "^1.0.3"
    minimalistic-assert "^1.0.0"
    minimalistic-crypto-utils "^1.0.1"

https-browserify@0.0.1:
  version "0.0.1"
  resolved "https://registry.yarnpkg.com/https-browserify/-/https-browserify-0.0.1.tgz#3f91365cabe60b77ed0ebba24b454e3e09d95a82"

ieee754@^1.1.4:
  version "1.1.12"
  resolved "https://registry.yarnpkg.com/ieee754/-/ieee754-1.1.12.tgz#50bf24e5b9c8bb98af4964c941cdb0918da7b60b"

indexof@0.0.1:
  version "0.0.1"
  resolved "https://registry.yarnpkg.com/indexof/-/indexof-0.0.1.tgz#82dc336d232b9062179d05ab3293a66059fd435d"

inflight@^1.0.4:
  version "1.0.6"
  resolved "https://registry.yarnpkg.com/inflight/-/inflight-1.0.6.tgz#49bd6331d7d02d0c09bc910a1075ba8165b56df9"
  dependencies:
    once "^1.3.0"
    wrappy "1"

inherits@2, inherits@2.0.3, inherits@^2.0.1, inherits@^2.0.3, inherits@~2.0.1, inherits@~2.0.3:
  version "2.0.3"
  resolved "https://registry.yarnpkg.com/inherits/-/inherits-2.0.3.tgz#633c2c83e3da42a502f52466022480f4208261de"

inherits@2.0.1:
  version "2.0.1"
  resolved "https://registry.yarnpkg.com/inherits/-/inherits-2.0.1.tgz#b17d08d326b4423e568eff719f91b0b1cbdf69f1"

ini@~1.3.0:
  version "1.3.5"
  resolved "https://registry.yarnpkg.com/ini/-/ini-1.3.5.tgz#eee25f56db1c9ec6085e0c22778083f596abf927"

isarray@^1.0.0, isarray@~1.0.0:
  version "1.0.0"
  resolved "https://registry.yarnpkg.com/isarray/-/isarray-1.0.0.tgz#bb935d48582cba168c06834957a54a3e07124f11"

jsencrypt@^3.0.0-beta.1:
  version "3.0.0-beta.1"
  resolved "https://registry.yarnpkg.com/jsencrypt/-/jsencrypt-3.0.0-beta.1.tgz#ea5c65d4c905819cd6a4ed75da47820048f8df14"

lodash._basecallback@^3.0.0:
  version "3.3.1"
  resolved "https://registry.yarnpkg.com/lodash._basecallback/-/lodash._basecallback-3.3.1.tgz#b7b2bb43dc2160424a21ccf26c57e443772a8e27"
  dependencies:
    lodash._baseisequal "^3.0.0"
    lodash._bindcallback "^3.0.0"
    lodash.isarray "^3.0.0"
    lodash.pairs "^3.0.0"

lodash._baseeach@^3.0.0:
  version "3.0.4"
  resolved "https://registry.yarnpkg.com/lodash._baseeach/-/lodash._baseeach-3.0.4.tgz#cf8706572ca144e8d9d75227c990da982f932af3"
  dependencies:
    lodash.keys "^3.0.0"

lodash._basefind@^3.0.0:
  version "3.0.0"
  resolved "https://registry.yarnpkg.com/lodash._basefind/-/lodash._basefind-3.0.0.tgz#b2bba05cc645f972de2cf925fa2bf63a0f60c8ae"

lodash._basefindindex@^3.0.0:
  version "3.6.0"
  resolved "https://registry.yarnpkg.com/lodash._basefindindex/-/lodash._basefindindex-3.6.0.tgz#f083360a1b022418ed81bc899beb312e21e74a4f"

lodash._baseisequal@^3.0.0:
  version "3.0.7"
  resolved "https://registry.yarnpkg.com/lodash._baseisequal/-/lodash._baseisequal-3.0.7.tgz#d8025f76339d29342767dcc887ce5cb95a5b51f1"
  dependencies:
    lodash.isarray "^3.0.0"
    lodash.istypedarray "^3.0.0"
    lodash.keys "^3.0.0"

lodash._baseismatch@^3.0.0:
  version "3.1.3"
  resolved "https://registry.yarnpkg.com/lodash._baseismatch/-/lodash._baseismatch-3.1.3.tgz#0728fc48efa11699d3d5f2d73049f2ab13c40fd5"
  dependencies:
    lodash._baseisequal "^3.0.0"

lodash._basematches@^3.0.0:
  version "3.2.0"
  resolved "https://registry.yarnpkg.com/lodash._basematches/-/lodash._basematches-3.2.0.tgz#f47e03f07ec20784ab0968d0cb6cb597e2101158"
  dependencies:
    lodash._baseismatch "^3.0.0"
    lodash.pairs "^3.0.0"

lodash._bindcallback@^3.0.0:
  version "3.0.1"
  resolved "https://registry.yarnpkg.com/lodash._bindcallback/-/lodash._bindcallback-3.0.1.tgz#e531c27644cf8b57a99e17ed95b35c748789392e"

lodash._getnative@^3.0.0:
  version "3.9.1"
  resolved "https://registry.yarnpkg.com/lodash._getnative/-/lodash._getnative-3.9.1.tgz#570bc7dede46d61cdcde687d65d3eecbaa3aaff5"

lodash._reinterpolate@~3.0.0:
  version "3.0.0"
  resolved "https://registry.yarnpkg.com/lodash._reinterpolate/-/lodash._reinterpolate-3.0.0.tgz#0ccf2d89166af03b3663c796538b75ac6e114d9d"

lodash.every@^4.6.0:
  version "4.6.0"
  resolved "https://registry.yarnpkg.com/lodash.every/-/lodash.every-4.6.0.tgz#eb89984bebc4364279bb3aefbbd1ca19bfa6c6a7"

lodash.find@^3.0.0:
  version "3.2.1"
  resolved "https://registry.yarnpkg.com/lodash.find/-/lodash.find-3.2.1.tgz#046e319f3ace912ac6c9246c7f683c5ec07b36ad"
  dependencies:
    lodash._basecallback "^3.0.0"
    lodash._baseeach "^3.0.0"
    lodash._basefind "^3.0.0"
    lodash._basefindindex "^3.0.0"
    lodash.isarray "^3.0.0"
    lodash.keys "^3.0.0"

lodash.find@^4.6.0:
  version "4.6.0"
  resolved "https://registry.yarnpkg.com/lodash.find/-/lodash.find-4.6.0.tgz#cb0704d47ab71789ffa0de8b97dd926fb88b13b1"

lodash.findwhere@^3.1.0:
  version "3.1.0"
  resolved "https://registry.yarnpkg.com/lodash.findwhere/-/lodash.findwhere-3.1.0.tgz#7937d34f3eac818dec7fa94e8ca5e26fdba1cfc1"
  dependencies:
    lodash._basematches "^3.0.0"
    lodash.find "^3.0.0"

lodash.foreach@^4.5.0:
  version "4.5.0"
  resolved "https://registry.yarnpkg.com/lodash.foreach/-/lodash.foreach-4.5.0.tgz#1a6a35eace401280c7f06dddec35165ab27e3e53"

lodash.includes@^4.3.0:
  version "4.3.0"
  resolved "https://registry.yarnpkg.com/lodash.includes/-/lodash.includes-4.3.0.tgz#60bb98a87cb923c68ca1e51325483314849f553f"

lodash.isarguments@^3.0.0:
  version "3.1.0"
  resolved "https://registry.yarnpkg.com/lodash.isarguments/-/lodash.isarguments-3.1.0.tgz#2f573d85c6a24289ff00663b491c1d338ff3458a"

lodash.isarray@^3.0.0:
  version "3.0.4"
  resolved "https://registry.yarnpkg.com/lodash.isarray/-/lodash.isarray-3.0.4.tgz#79e4eb88c36a8122af86f844aa9bcd851b5fbb55"

lodash.isempty@^4.4.0:
  version "4.4.0"
  resolved "https://registry.yarnpkg.com/lodash.isempty/-/lodash.isempty-4.4.0.tgz#6f86cbedd8be4ec987be9aaf33c9684db1b31e7e"

lodash.isobject@^3.0.2:
  version "3.0.2"
  resolved "https://registry.yarnpkg.com/lodash.isobject/-/lodash.isobject-3.0.2.tgz#3c8fb8d5b5bf4bf90ae06e14f2a530a4ed935e1d"

lodash.istypedarray@^3.0.0:
  version "3.0.6"
  resolved "https://registry.yarnpkg.com/lodash.istypedarray/-/lodash.istypedarray-3.0.6.tgz#c9a477498607501d8e8494d283b87c39281cef62"

lodash.keys@^3.0.0:
  version "3.1.2"
  resolved "https://registry.yarnpkg.com/lodash.keys/-/lodash.keys-3.1.2.tgz#4dbc0472b156be50a0b286855d1bd0b0c656098a"
  dependencies:
    lodash._getnative "^3.0.0"
    lodash.isarguments "^3.0.0"
    lodash.isarray "^3.0.0"

lodash.merge@^4.6.0:
  version "4.6.1"
  resolved "https://registry.yarnpkg.com/lodash.merge/-/lodash.merge-4.6.1.tgz#adc25d9cb99b9391c59624f379fbba60d7111d54"

lodash.omit@^4.5.0:
  version "4.5.0"
  resolved "https://registry.yarnpkg.com/lodash.omit/-/lodash.omit-4.5.0.tgz#6eb19ae5a1ee1dd9df0b969e66ce0b7fa30b5e60"

lodash.pairs@^3.0.0:
  version "3.0.1"
  resolved "https://registry.yarnpkg.com/lodash.pairs/-/lodash.pairs-3.0.1.tgz#bbe08d5786eeeaa09a15c91ebf0dcb7d2be326a9"
  dependencies:
    lodash.keys "^3.0.0"

lodash.pick@^4.4.0:
  version "4.4.0"
  resolved "https://registry.yarnpkg.com/lodash.pick/-/lodash.pick-4.4.0.tgz#52f05610fff9ded422611441ed1fc123a03001b3"

lodash.template@^4.4.0:
  version "4.4.0"
  resolved "https://registry.yarnpkg.com/lodash.template/-/lodash.template-4.4.0.tgz#e73a0385c8355591746e020b99679c690e68fba0"
  dependencies:
    lodash._reinterpolate "~3.0.0"
    lodash.templatesettings "^4.0.0"

lodash.templatesettings@^4.0.0:
  version "4.1.0"
  resolved "https://registry.yarnpkg.com/lodash.templatesettings/-/lodash.templatesettings-4.1.0.tgz#2b4d4e95ba440d915ff08bc899e4553666713316"
  dependencies:
    lodash._reinterpolate "~3.0.0"

lodash.union@^4.6.0:
  version "4.6.0"
  resolved "https://registry.yarnpkg.com/lodash.union/-/lodash.union-4.6.0.tgz#48bb5088409f16f1821666641c44dd1aaae3cd88"

lodash.uniq@^4.5.0:
  version "4.5.0"
  resolved "https://registry.yarnpkg.com/lodash.uniq/-/lodash.uniq-4.5.0.tgz#d0225373aeb652adc1bc82e4945339a842754773"

lodash.without@^4.4.0:
  version "4.4.0"
  resolved "https://registry.yarnpkg.com/lodash.without/-/lodash.without-4.4.0.tgz#3cd4574a00b67bae373a94b748772640507b7aac"

lodash@^2.4.1:
  version "2.4.2"
  resolved "https://registry.yarnpkg.com/lodash/-/lodash-2.4.2.tgz#fadd834b9683073da179b3eae6d9c0d15053f73e"

materialize-css@^1.0.0-rc.2:
  version "1.0.0-rc.2"
  resolved "https://registry.yarnpkg.com/materialize-css/-/materialize-css-1.0.0-rc.2.tgz#b9e6b18f698c6ef77bb6b628d59147faf131eff5"

md5.js@^1.3.4:
  version "1.3.4"
  resolved "https://registry.yarnpkg.com/md5.js/-/md5.js-1.3.4.tgz#e9bdbde94a20a5ac18b04340fc5764d5b09d901d"
  dependencies:
    hash-base "^3.0.0"
    inherits "^2.0.1"

message-box@^0.2.0:
  version "0.2.0"
  resolved "https://registry.yarnpkg.com/message-box/-/message-box-0.2.0.tgz#f93da217cb11f2a13cb501846fa713f21d6eabb7"
  dependencies:
    lodash.merge "^4.6.0"
    lodash.template "^4.4.0"

meteor-node-stubs@^0.3.2:
  version "0.3.3"
  resolved "https://registry.yarnpkg.com/meteor-node-stubs/-/meteor-node-stubs-0.3.3.tgz#4037ec464573642b0efee3961a649a4818f796db"
  dependencies:
    assert "^1.4.1"
    browserify-zlib "^0.1.4"
    buffer "^4.9.1"
    console-browserify "^1.1.0"
    constants-browserify "^1.0.0"
    crypto-browserify "^3.11.0"
    domain-browser "^1.1.7"
    events "^1.1.1"
    https-browserify "0.0.1"
    os-browserify "^0.2.1"
    path-browserify "0.0.0"
    process "^0.11.9"
    punycode "^1.4.1"
    querystring-es3 "^0.2.1"
    readable-stream "git+https://github.com/meteor/readable-stream.git"
    stream-browserify "^2.0.1"
    stream-http "^2.8.0"
    string_decoder "^1.1.0"
    timers-browserify "^1.4.2"
    tty-browserify "0.0.0"
    url "^0.11.0"
    util "^0.10.3"
    vm-browserify "0.0.4"

miller-rabin@^4.0.0:
  version "4.0.1"
  resolved "https://registry.yarnpkg.com/miller-rabin/-/miller-rabin-4.0.1.tgz#f080351c865b0dc562a8462966daa53543c78a4d"
  dependencies:
    bn.js "^4.0.0"
    brorand "^1.0.1"

minimalistic-assert@^1.0.0:
  version "1.0.1"
  resolved "https://registry.yarnpkg.com/minimalistic-assert/-/minimalistic-assert-1.0.1.tgz#2e194de044626d4a10e7f7fbc00ce73e83e4d5c7"

minimalistic-crypto-utils@^1.0.0, minimalistic-crypto-utils@^1.0.1:
  version "1.0.1"
  resolved "https://registry.yarnpkg.com/minimalistic-crypto-utils/-/minimalistic-crypto-utils-1.0.1.tgz#f6c00c1c0b082246e5c4d99dfb8c7c083b2b582a"

minimatch@^2.0.1:
  version "2.0.10"
  resolved "https://registry.yarnpkg.com/minimatch/-/minimatch-2.0.10.tgz#8d087c39c6b38c001b97fca7ce6d0e1e80afbac7"
  dependencies:
    brace-expansion "^1.0.0"

minimist@~0.0.7:
  version "0.0.10"
  resolved "https://registry.yarnpkg.com/minimist/-/minimist-0.0.10.tgz#de3f98543dbf96082be48ad1a0c7cda836301dcf"

mongo-object@^0.1.2:
  version "0.1.2"
  resolved "https://registry.yarnpkg.com/mongo-object/-/mongo-object-0.1.2.tgz#1102ad0c12a23c9ad8dc4e0ce230d25bb39544be"
  dependencies:
    lodash.foreach "^4.5.0"
    lodash.isempty "^4.4.0"
    lodash.isobject "^3.0.2"
    lodash.without "^4.4.0"

nan@^2.3.3:
  version "2.10.0"
  resolved "https://registry.yarnpkg.com/nan/-/nan-2.10.0.tgz#96d0cd610ebd58d4b4de9cc0c6828cda99c7548f"

nan@~2.3.3:
  version "2.3.5"
  resolved "https://registry.yarnpkg.com/nan/-/nan-2.3.5.tgz#822a0dc266290ce4cd3a12282ca3e7e364668a08"

node-es6@^0.3.1:
  version "0.3.1"
  resolved "https://registry.yarnpkg.com/node-es6/-/node-es6-0.3.1.tgz#0a69d167487fb7ff57adbd9bae31af710f8bd262"
  dependencies:
    lodash "^2.4.1"
    rc "^0.5.1"
    traceur "0.0.79"
    traceur-source-maps "1.0.6"
    yargs "^1.3.1"

once@^1.3.0:
  version "1.4.0"
  resolved "https://registry.yarnpkg.com/once/-/once-1.4.0.tgz#583b1aa775961d4b113ac17d9c50baef9dd76bd1"
  dependencies:
    wrappy "1"

os-browserify@^0.2.1:
  version "0.2.1"
  resolved "https://registry.yarnpkg.com/os-browserify/-/os-browserify-0.2.1.tgz#63fc4ccee5d2d7763d26bbf8601078e6c2e0044f"

pako@~0.2.0:
  version "0.2.9"
  resolved "https://registry.yarnpkg.com/pako/-/pako-0.2.9.tgz#f3f7522f4ef782348da8161bad9ecfd51bf83a75"

parent-require@^1.0.0:
  version "1.0.0"
  resolved "https://registry.yarnpkg.com/parent-require/-/parent-require-1.0.0.tgz#746a167638083a860b0eef6732cb27ed46c32977"

parse-asn1@^5.0.0:
  version "5.1.1"
  resolved "https://registry.yarnpkg.com/parse-asn1/-/parse-asn1-5.1.1.tgz#f6bf293818332bd0dab54efb16087724745e6ca8"
  dependencies:
    asn1.js "^4.0.0"
    browserify-aes "^1.0.0"
    create-hash "^1.1.0"
    evp_bytestokey "^1.0.0"
    pbkdf2 "^3.0.3"

path-browserify@0.0.0:
  version "0.0.0"
  resolved "https://registry.yarnpkg.com/path-browserify/-/path-browserify-0.0.0.tgz#a0b870729aae214005b7d5032ec2cbbb0fb4451a"

path@^0.12.7:
  version "0.12.7"
  resolved "https://registry.yarnpkg.com/path/-/path-0.12.7.tgz#d4dc2a506c4ce2197eb481ebfcd5b36c0140b10f"
  dependencies:
    process "^0.11.1"
    util "^0.10.3"

pbkdf2@^3.0.3:
  version "3.0.16"
  resolved "https://registry.yarnpkg.com/pbkdf2/-/pbkdf2-3.0.16.tgz#7404208ec6b01b62d85bf83853a8064f8d9c2a5c"
  dependencies:
    create-hash "^1.1.2"
    create-hmac "^1.1.4"
    ripemd160 "^2.0.1"
    safe-buffer "^5.0.1"
    sha.js "^2.4.8"

process-nextick-args@~2.0.0:
  version "2.0.0"
  resolved "https://registry.yarnpkg.com/process-nextick-args/-/process-nextick-args-2.0.0.tgz#a37d732f4271b4ab1ad070d35508e8290788ffaa"

process@^0.11.1, process@^0.11.9, process@~0.11.0:
  version "0.11.10"
  resolved "https://registry.yarnpkg.com/process/-/process-0.11.10.tgz#7332300e840161bda3e69a1d1d91a7d4bc16f182"

public-encrypt@^4.0.0:
  version "4.0.2"
  resolved "https://registry.yarnpkg.com/public-encrypt/-/public-encrypt-4.0.2.tgz#46eb9107206bf73489f8b85b69d91334c6610994"
  dependencies:
    bn.js "^4.1.0"
    browserify-rsa "^4.0.0"
    create-hash "^1.1.0"
    parse-asn1 "^5.0.0"
    randombytes "^2.0.1"

punycode@1.3.2:
  version "1.3.2"
  resolved "https://registry.yarnpkg.com/punycode/-/punycode-1.3.2.tgz#9653a036fb7c1ee42342f2325cceefea3926c48d"

punycode@^1.4.1:
  version "1.4.1"
  resolved "https://registry.yarnpkg.com/punycode/-/punycode-1.4.1.tgz#c0d5a63b2718800ad8e1eb0fa5269c84dd41845e"

querystring-es3@^0.2.1:
  version "0.2.1"
  resolved "https://registry.yarnpkg.com/querystring-es3/-/querystring-es3-0.2.1.tgz#9ec61f79049875707d69414596fd907a4d711e73"

querystring@0.2.0:
  version "0.2.0"
  resolved "https://registry.yarnpkg.com/querystring/-/querystring-0.2.0.tgz#b209849203bb25df820da756e747005878521620"

randombytes@^2.0.0, randombytes@^2.0.1, randombytes@^2.0.5:
  version "2.0.6"
  resolved "https://registry.yarnpkg.com/randombytes/-/randombytes-2.0.6.tgz#d302c522948588848a8d300c932b44c24231da80"
  dependencies:
    safe-buffer "^5.1.0"

randomfill@^1.0.3:
  version "1.0.4"
  resolved "https://registry.yarnpkg.com/randomfill/-/randomfill-1.0.4.tgz#c92196fc86ab42be983f1bf31778224931d61458"
  dependencies:
    randombytes "^2.0.5"
    safe-buffer "^5.1.0"

rc@^0.5.1:
  version "0.5.5"
  resolved "https://registry.yarnpkg.com/rc/-/rc-0.5.5.tgz#541cc3300f464b6dfe6432d756f0f2dd3e9eb199"
  dependencies:
    deep-extend "~0.2.5"
    ini "~1.3.0"
    minimist "~0.0.7"
    strip-json-comments "0.1.x"

readable-stream@^2.0.2, readable-stream@^2.3.6:
  version "2.3.6"
  resolved "https://registry.yarnpkg.com/readable-stream/-/readable-stream-2.3.6.tgz#b11c27d88b8ff1fbe070643cf94b0c79ae1b0aaf"
  dependencies:
    core-util-is "~1.0.0"
    inherits "~2.0.3"
    isarray "~1.0.0"
    process-nextick-args "~2.0.0"
    safe-buffer "~5.1.1"
    string_decoder "~1.1.1"
    util-deprecate "~1.0.1"

"readable-stream@git+https://github.com/meteor/readable-stream.git":
  version "2.3.5"
  resolved "git+https://github.com/meteor/readable-stream.git#c688cdd193549919b840e8d72a86682d91961e12"
  dependencies:
    inherits "~2.0.3"
    isarray "~1.0.0"
    process-nextick-args "~2.0.0"
    safe-buffer "~5.1.1"
    string_decoder "~1.1.0"
    util-deprecate "~1.0.1"

regenerator-runtime@^0.11.0, regenerator-runtime@^0.11.1:
  version "0.11.1"
  resolved "https://registry.yarnpkg.com/regenerator-runtime/-/regenerator-runtime-0.11.1.tgz#be05ad7f9bf7d22e056f9726cee5017fbf19e2e9"

ripemd160@^2.0.0, ripemd160@^2.0.1:
  version "2.0.2"
  resolved "https://registry.yarnpkg.com/ripemd160/-/ripemd160-2.0.2.tgz#a1c1a6f624751577ba5d07914cbc92850585890c"
  dependencies:
    hash-base "^3.0.0"
    inherits "^2.0.1"

rsa-keygen@^1.0.6:
  version "1.0.6"
  resolved "https://registry.yarnpkg.com/rsa-keygen/-/rsa-keygen-1.0.6.tgz#3da3bf8147c96247cf695681b0bda17a6efa4086"
  dependencies:
    nan "~2.3.3"

rsvp@^3.0.13:
  version "3.6.2"
  resolved "https://registry.yarnpkg.com/rsvp/-/rsvp-3.6.2.tgz#2e96491599a96cde1b515d5674a8f7a91452926a"

safe-buffer@^5.0.1, safe-buffer@^5.1.0, safe-buffer@^5.1.1, safe-buffer@~5.1.0, safe-buffer@~5.1.1:
  version "5.1.2"
  resolved "https://registry.yarnpkg.com/safe-buffer/-/safe-buffer-5.1.2.tgz#991ec69d296e0313747d59bdfd2b745c35f8828d"

semver@2.x:
  version "2.3.2"
  resolved "https://registry.yarnpkg.com/semver/-/semver-2.3.2.tgz#b9848f25d6cf36333073ec9ef8856d42f1233e52"

sha.js@^2.4.0, sha.js@^2.4.8:
  version "2.4.11"
  resolved "https://registry.yarnpkg.com/sha.js/-/sha.js-2.4.11.tgz#37a5cf0b81ecbc6943de109ba2960d1b26584ae7"
  dependencies:
    inherits "^2.0.1"
    safe-buffer "^5.0.1"

simpl-schema@^1.5.0:
  version "1.5.0"
  resolved "https://registry.yarnpkg.com/simpl-schema/-/simpl-schema-1.5.0.tgz#f90809c5ffb9fe7c4232a1b1d805c51862650f1a"
  dependencies:
    clone "^2.1.1"
    extend "^3.0.1"
    lodash.every "^4.6.0"
    lodash.find "^4.6.0"
    lodash.findwhere "^3.1.0"
    lodash.includes "^4.3.0"
    lodash.isempty "^4.4.0"
    lodash.isobject "^3.0.2"
    lodash.omit "^4.5.0"
    lodash.pick "^4.4.0"
    lodash.union "^4.6.0"
    lodash.uniq "^4.5.0"
    message-box "^0.2.0"
    mongo-object "^0.1.2"

source-map-support@^0.2.7, source-map-support@~0.2.8:
  version "0.2.10"
  resolved "https://registry.yarnpkg.com/source-map-support/-/source-map-support-0.2.10.tgz#ea5a3900a1c1cb25096a0ae8cc5c2b4b10ded3dc"
  dependencies:
    source-map "0.1.32"

source-map@0.1.32:
  version "0.1.32"
  resolved "https://registry.yarnpkg.com/source-map/-/source-map-0.1.32.tgz#c8b6c167797ba4740a8ea33252162ff08591b266"
  dependencies:
    amdefine ">=0.0.4"

sprintf-js@^1.0.3:
  version "1.1.1"
  resolved "https://registry.yarnpkg.com/sprintf-js/-/sprintf-js-1.1.1.tgz#36be78320afe5801f6cea3ee78b6e5aab940ea0c"

stream-browserify@^2.0.1:
  version "2.0.1"
  resolved "https://registry.yarnpkg.com/stream-browserify/-/stream-browserify-2.0.1.tgz#66266ee5f9bdb9940a4e4514cafb43bb71e5c9db"
  dependencies:
    inherits "~2.0.1"
    readable-stream "^2.0.2"

stream-http@^2.8.0:
  version "2.8.3"
  resolved "https://registry.yarnpkg.com/stream-http/-/stream-http-2.8.3.tgz#b2d242469288a5a27ec4fe8933acf623de6514fc"
  dependencies:
    builtin-status-codes "^3.0.0"
    inherits "^2.0.1"
    readable-stream "^2.3.6"
    to-arraybuffer "^1.0.0"
    xtend "^4.0.0"

string_decoder@^1.1.0, string_decoder@~1.1.0, string_decoder@~1.1.1:
  version "1.1.1"
  resolved "https://registry.yarnpkg.com/string_decoder/-/string_decoder-1.1.1.tgz#9cf1611ba62685d7030ae9e4ba34149c3af03fc8"
  dependencies:
    safe-buffer "~5.1.0"

strip-json-comments@0.1.x:
  version "0.1.3"
  resolved "https://registry.yarnpkg.com/strip-json-comments/-/strip-json-comments-0.1.3.tgz#164c64e370a8a3cc00c9e01b539e569823f0ee54"

timers-browserify@^1.4.2:
  version "1.4.2"
  resolved "https://registry.yarnpkg.com/timers-browserify/-/timers-browserify-1.4.2.tgz#c9c58b575be8407375cb5e2462dacee74359f41d"
  dependencies:
    process "~0.11.0"

to-arraybuffer@^1.0.0:
  version "1.0.1"
  resolved "https://registry.yarnpkg.com/to-arraybuffer/-/to-arraybuffer-1.0.1.tgz#7d229b1fcc637e466ca081180836a7aabff83f43"

traceur-source-maps@1.0.6:
  version "1.0.6"
  resolved "https://registry.yarnpkg.com/traceur-source-maps/-/traceur-source-maps-1.0.6.tgz#26e394c9617ccc9d0f1fa396292cfa9affe70eb1"
  dependencies:
    parent-require "^1.0.0"
    source-map-support "^0.2.7"

traceur@0.0.79:
  version "0.0.79"
  resolved "https://registry.yarnpkg.com/traceur/-/traceur-0.0.79.tgz#afbdc45e3ab9725ef78b3fbb3f4219c22523f296"
  dependencies:
    commander "2.x"
    glob "4.3"
    rsvp "^3.0.13"
    semver "2.x"
    source-map-support "~0.2.8"

tty-browserify@0.0.0:
  version "0.0.0"
  resolved "https://registry.yarnpkg.com/tty-browserify/-/tty-browserify-0.0.0.tgz#a157ba402da24e9bf957f9aa69d524eed42901a6"

underscore.string@*:
  version "3.3.4"
  resolved "https://registry.yarnpkg.com/underscore.string/-/underscore.string-3.3.4.tgz#2c2a3f9f83e64762fdc45e6ceac65142864213db"
  dependencies:
    sprintf-js "^1.0.3"
    util-deprecate "^1.0.2"

underscore@*:
  version "1.9.1"
  resolved "https://registry.yarnpkg.com/underscore/-/underscore-1.9.1.tgz#06dce34a0e68a7babc29b365b8e74b8925203961"

url@^0.11.0:
  version "0.11.0"
  resolved "https://registry.yarnpkg.com/url/-/url-0.11.0.tgz#3838e97cfc60521eb73c525a8e55bfdd9e2e28f1"
  dependencies:
    punycode "1.3.2"
    querystring "0.2.0"

ursa@^0.9.4:
  version "0.9.4"
  resolved "https://registry.yarnpkg.com/ursa/-/ursa-0.9.4.tgz#0a2abfb7dc4267f733b0f8f2fc7f2c895d40a413"
  dependencies:
    bindings "^1.2.1"
    nan "^2.3.3"

util-deprecate@^1.0.2, util-deprecate@~1.0.1:
  version "1.0.2"
  resolved "https://registry.yarnpkg.com/util-deprecate/-/util-deprecate-1.0.2.tgz#450d4dc9fa70de732762fbd2d4a28981419a0ccf"

util@0.10.3:
  version "0.10.3"
  resolved "https://registry.yarnpkg.com/util/-/util-0.10.3.tgz#7afb1afe50805246489e3db7fe0ed379336ac0f9"
  dependencies:
    inherits "2.0.1"

util@^0.10.3:
  version "0.10.4"
  resolved "https://registry.yarnpkg.com/util/-/util-0.10.4.tgz#3aa0125bfe668a4672de58857d3ace27ecb76901"
  dependencies:
    inherits "2.0.3"

utils-extend@^1.0.4, utils-extend@^1.0.6, utils-extend@^1.0.7:
  version "1.0.8"
  resolved "https://registry.yarnpkg.com/utils-extend/-/utils-extend-1.0.8.tgz#ccfd7b64540f8e90ee21eec57769d0651cab8a5f"

vm-browserify@0.0.4:
  version "0.0.4"
  resolved "https://registry.yarnpkg.com/vm-browserify/-/vm-browserify-0.0.4.tgz#5d7ea45bbef9e4a6ff65f95438e0a87c357d5a73"
  dependencies:
    indexof "0.0.1"

wrappy@1:
  version "1.0.2"
  resolved "https://registry.yarnpkg.com/wrappy/-/wrappy-1.0.2.tgz#b5243d8f3ec1aa35f1364605bc0d1036e30ab69f"

xtend@^4.0.0:
  version "4.0.1"
  resolved "https://registry.yarnpkg.com/xtend/-/xtend-4.0.1.tgz#a5c6d532be656e23db820efb943a1f04998d63af"

yargs@^1.3.1:
  version "1.3.3"
  resolved "https://registry.yarnpkg.com/yargs/-/yargs-1.3.3.tgz#054de8b61f22eefdb7207059eaef9d6b83fb931a"
